
Microsoft Visual Studio Solution File, Format Version 12.00
# Visual Studio Version 16
VisualStudioVersion = 16.0.30523.141
MinimumVisualStudioVersion = 10.0.40219.1
Project("{8BC9CEB8-8B4A-11D0-8D11-00A0C91BC942}") = "OOP5Lab", "OOP5Lab\OOP5Lab.vcxproj", "{B7A72E68-CE00-4638-886B-B8EE7BCA24BE}"
EndProject
Global
	GlobalSection(SolutionConfigurationPlatforms) = preSolution
		Debug|x64 = Debug|x64
		Debug|x86 = Debug|x86
		Release|x64 = Release|x64
		Release|x86 = Release|x86
	EndGlobalSection
	GlobalSection(ProjectConfigurationPlatforms) = postSolution
		{B7A72E68-CE00-4638-886B-B8EE7BCA24BE}.Debug|x64.ActiveCfg = Debug|x64
		{B7A72E68-CE00-4638-886B-B8EE7BCA24BE}.Debug|x64.Build.0 = Debug|x64
		{B7A72E68-CE00-4638-886B-B8EE7BCA24BE}.Debug|x86.ActiveCfg = Debug|Win32
		{B7A72E68-CE00-4638-886B-B8EE7BCA24BE}.Debug|x86.Build.0 = Debug|Win32
		{B7A72E68-CE00-4638-886B-B8EE7BCA24BE}.Release|x64.ActiveCfg = Release|x64
		{B7A72E68-CE00-4638-886B-B8EE7BCA24BE}.Release|x64.Build.0 = Release|x64
		{B7A72E68-CE00-4638-886B-B8EE7BCA24BE}.Release|x86.ActiveCfg = Release|Win32
		{B7A72E68-CE00-4638-886B-B8EE7BCA24BE}.Release|x86.Build.0 = Release|Win32
	EndGlobalSection
	GlobalSection(SolutionProperties) = preSolution
		HideSolutionNode = FALSE
	EndGlobalSection
	GlobalSection(ExtensibilityGlobals) = postSolution
		SolutionGuid = {EEE943AD-3338-46B2-8A27-CFE797FB5B84}
	EndGlobalSection
EndGlobal
